// !$*UTF8*$!
{
	archiveVersion = 1;
	classes = {
	};
	objectVersion = 50;
	objects = {

/* Begin PBXBuildFile section */
		C610ACA82175D99B00393425 /* AppDelegate.swift in Sources */ = {isa = PBXBuildFile; fileRef = C610ACA72175D99B00393425 /* AppDelegate.swift */; };
		C610ACAA2175D99B00393425 /* ViewController.swift in Sources */ = {isa = PBXBuildFile; fileRef = C610ACA92175D99B00393425 /* ViewController.swift */; };
		C610ACAD2175D99B00393425 /* Main.storyboard in Resources */ = {isa = PBXBuildFile; fileRef = C610ACAB2175D99B00393425 /* Main.storyboard */; };
		C610ACAF2175D99C00393425 /* Assets.xcassets in Resources */ = {isa = PBXBuildFile; fileRef = C610ACAE2175D99C00393425 /* Assets.xcassets */; };
		C610ACB22175D99C00393425 /* LaunchScreen.storyboard in Resources */ = {isa = PBXBuildFile; fileRef = C610ACB02175D99C00393425 /* LaunchScreen.storyboard */; };
		C610ACBD2175D99C00393425 /* SkalaTests.swift in Sources */ = {isa = PBXBuildFile; fileRef = C610ACBC2175D99C00393425 /* SkalaTests.swift */; };
		C610ACC82175D99C00393425 /* SkalaUITests.swift in Sources */ = {isa = PBXBuildFile; fileRef = C610ACC72175D99C00393425 /* SkalaUITests.swift */; };
/* End PBXBuildFile section */

/* Begin PBXContainerItemProxy section */
		C610ACB92175D99C00393425 /* PBXContainerItemProxy */ = {
			isa = PBXContainerItemProxy;
			containerPortal = C610AC9C2175D99B00393425 /* Project object */;
			proxyType = 1;
			remoteGlobalIDString = C610ACA32175D99B00393425;
			remoteInfo = Skala;
		};
		C610ACC42175D99C00393425 /* PBXContainerItemProxy */ = {
			isa = PBXContainerItemProxy;
			containerPortal = C610AC9C2175D99B00393425 /* Project object */;
			proxyType = 1;
			remoteGlobalIDString = C610ACA32175D99B00393425;
			remoteInfo = Skala;
		};
/* End PBXContainerItemProxy section */

/* Begin PBXFileReference section */
		C610ACA42175D99B00393425 /* Skala.app */ = {isa = PBXFileReference; explicitFileType = wrapper.application; includeInIndex = 0; path = Skala.app; sourceTree = BUILT_PRODUCTS_DIR; };
		C610ACA72175D99B00393425 /* AppDelegate.swift */ = {isa = PBXFileReference; lastKnownFileType = sourcecode.swift; path = AppDelegate.swift; sourceTree = "<group>"; };
		C610ACA92175D99B00393425 /* ViewController.swift */ = {isa = PBXFileReference; lastKnownFileType = sourcecode.swift; path = ViewController.swift; sourceTree = "<group>"; };
		C610ACAC2175D99B00393425 /* Base */ = {isa = PBXFileReference; lastKnownFileType = file.storyboard; name = Base; path = Base.lproj/Main.storyboard; sourceTree = "<group>"; };
		C610ACAE2175D99C00393425 /* Assets.xcassets */ = {isa = PBXFileReference; lastKnownFileType = folder.assetcatalog; path = Assets.xcassets; sourceTree = "<group>"; };
		C610ACB12175D99C00393425 /* Base */ = {isa = PBXFileReference; lastKnownFileType = file.storyboard; name = Base; path = Base.lproj/LaunchScreen.storyboard; sourceTree = "<group>"; };
		C610ACB32175D99C00393425 /* Info.plist */ = {isa = PBXFileReference; lastKnownFileType = text.plist.xml; path = Info.plist; sourceTree = "<group>"; };
		C610ACB82175D99C00393425 /* SkalaTests.xctest */ = {isa = PBXFileReference; explicitFileType = wrapper.cfbundle; includeInIndex = 0; path = SkalaTests.xctest; sourceTree = BUILT_PRODUCTS_DIR; };
		C610ACBC2175D99C00393425 /* SkalaTests.swift */ = {isa = PBXFileReference; lastKnownFileType = sourcecode.swift; path = SkalaTests.swift; sourceTree = "<group>"; };
		C610ACBE2175D99C00393425 /* Info.plist */ = {isa = PBXFileReference; lastKnownFileType = text.plist.xml; path = Info.plist; sourceTree = "<group>"; };
		C610ACC32175D99C00393425 /* SkalaUITests.xctest */ = {isa = PBXFileReference; explicitFileType = wrapper.cfbundle; includeInIndex = 0; path = SkalaUITests.xctest; sourceTree = BUILT_PRODUCTS_DIR; };
		C610ACC72175D99C00393425 /* SkalaUITests.swift */ = {isa = PBXFileReference; lastKnownFileType = sourcecode.swift; path = SkalaUITests.swift; sourceTree = "<group>"; };
		C610ACC92175D99C00393425 /* Info.plist */ = {isa = PBXFileReference; lastKnownFileType = text.plist.xml; path = Info.plist; sourceTree = "<group>"; };
/* End PBXFileReference section */

/* Begin PBXFrameworksBuildPhase section */
		C610ACA12175D99B00393425 /* Frameworks */ = {
			isa = PBXFrameworksBuildPhase;
			buildActionMask = 2147483647;
			files = (
			);
			runOnlyForDeploymentPostprocessing = 0;
		};
		C610ACB52175D99C00393425 /* Frameworks */ = {
			isa = PBXFrameworksBuildPhase;
			buildActionMask = 2147483647;
			files = (
			);
			runOnlyForDeploymentPostprocessing = 0;
		};
		C610ACC02175D99C00393425 /* Frameworks */ = {
			isa = PBXFrameworksBuildPhase;
			buildActionMask = 2147483647;
			files = (
			);
			runOnlyForDeploymentPostprocessing = 0;
		};
/* End PBXFrameworksBuildPhase section */

/* Begin PBXGroup section */
		C610AC9B2175D99B00393425 = {
			isa = PBXGroup;
			children = (
				C610ACA62175D99B00393425 /* Skala */,
				C610ACBB2175D99C00393425 /* SkalaTests */,
				C610ACC62175D99C00393425 /* SkalaUITests */,
				C610ACA52175D99B00393425 /* Products */,
			);
			sourceTree = "<group>";
		};
		C610ACA52175D99B00393425 /* Products */ = {
			isa = PBXGroup;
			children = (
				C610ACA42175D99B00393425 /* Skala.app */,
				C610ACB82175D99C00393425 /* SkalaTests.xctest */,
				C610ACC32175D99C00393425 /* SkalaUITests.xctest */,
			);
			name = Products;
			sourceTree = "<group>";
		};
		C610ACA62175D99B00393425 /* Skala */ = {
			isa = PBXGroup;
			children = (
				C610ACA72175D99B00393425 /* AppDelegate.swift */,
				C610ACA92175D99B00393425 /* ViewController.swift */,
				C610ACAB2175D99B00393425 /* Main.storyboard */,
				C610ACAE2175D99C00393425 /* Assets.xcassets */,
				C610ACB02175D99C00393425 /* LaunchScreen.storyboard */,
				C610ACB32175D99C00393425 /* Info.plist */,
			);
			path = Skala;
			sourceTree = "<group>";
		};
		C610ACBB2175D99C00393425 /* SkalaTests */ = {
			isa = PBXGroup;
			children = (
				C610ACBC2175D99C00393425 /* SkalaTests.swift */,
				C610ACBE2175D99C00393425 /* Info.plist */,
			);
			path = SkalaTests;
			sourceTree = "<group>";
		};
		C610ACC62175D99C00393425 /* SkalaUITests */ = {
			isa = PBXGroup;
			children = (
				C610ACC72175D99C00393425 /* SkalaUITests.swift */,
				C610ACC92175D99C00393425 /* Info.plist */,
			);
			path = SkalaUITests;
			sourceTree = "<group>";
		};
/* End PBXGroup section */

/* Begin PBXNativeTarget section */
		C610ACA32175D99B00393425 /* Skala */ = {
			isa = PBXNativeTarget;
			buildConfigurationList = C610ACCC2175D99C00393425 /* Build configuration list for PBXNativeTarget "Skala" */;
			buildPhases = (
				C610ACA02175D99B00393425 /* Sources */,
				C610ACA12175D99B00393425 /* Frameworks */,
				C610ACA22175D99B00393425 /* Resources */,
			);
			buildRules = (
			);
			dependencies = (
			);
			name = Skala;
			productName = Skala;
			productReference = C610ACA42175D99B00393425 /* Skala.app */;
			productType = "com.apple.product-type.application";
		};
		C610ACB72175D99C00393425 /* SkalaTests */ = {
			isa = PBXNativeTarget;
			buildConfigurationList = C610ACCF2175D99C00393425 /* Build configuration list for PBXNativeTarget "SkalaTests" */;
			buildPhases = (
				C610ACB42175D99C00393425 /* Sources */,
				C610ACB52175D99C00393425 /* Frameworks */,
				C610ACB62175D99C00393425 /* Resources */,
			);
			buildRules = (
			);
			dependencies = (
				C610ACBA2175D99C00393425 /* PBXTargetDependency */,
			);
			name = SkalaTests;
			productName = SkalaTests;
			productReference = C610ACB82175D99C00393425 /* SkalaTests.xctest */;
			productType = "com.apple.product-type.bundle.unit-test";
		};
		C610ACC22175D99C00393425 /* SkalaUITests */ = {
			isa = PBXNativeTarget;
			buildConfigurationList = C610ACD22175D99C00393425 /* Build configuration list for PBXNativeTarget "SkalaUITests" */;
			buildPhases = (
				C610ACBF2175D99C00393425 /* Sources */,
				C610ACC02175D99C00393425 /* Frameworks */,
				C610ACC12175D99C00393425 /* Resources */,
			);
			buildRules = (
			);
			dependencies = (
				C610ACC52175D99C00393425 /* PBXTargetDependency */,
			);
			name = SkalaUITests;
			productName = SkalaUITests;
			productReference = C610ACC32175D99C00393425 /* SkalaUITests.xctest */;
			productType = "com.apple.product-type.bundle.ui-testing";
		};
/* End PBXNativeTarget section */

/* Begin PBXProject section */
		C610AC9C2175D99B00393425 /* Project object */ = {
			isa = PBXProject;
			attributes = {
				LastSwiftUpdateCheck = 1000;
				LastUpgradeCheck = 1000;
				ORGANIZATIONNAME = Mikavaa;
				TargetAttributes = {
					C610ACA32175D99B00393425 = {
						CreatedOnToolsVersion = 10.0;
					};
					C610ACB72175D99C00393425 = {
						CreatedOnToolsVersion = 10.0;
						TestTargetID = C610ACA32175D99B00393425;
					};
					C610ACC22175D99C00393425 = {
						CreatedOnToolsVersion = 10.0;
						TestTargetID = C610ACA32175D99B00393425;
					};
				};
			};
			buildConfigurationList = C610AC9F2175D99B00393425 /* Build configuration list for PBXProject "Skala" */;
			compatibilityVersion = "Xcode 9.3";
			developmentRegion = en;
			hasScannedForEncodings = 0;
			knownRegions = (
				en,
				Base,
			);
			mainGroup = C610AC9B2175D99B00393425;
			productRefGroup = C610ACA52175D99B00393425 /* Products */;
			projectDirPath = "";
			projectRoot = "";
			targets = (
				C610ACA32175D99B00393425 /* Skala */,
				C610ACB72175D99C00393425 /* SkalaTests */,
				C610ACC22175D99C00393425 /* SkalaUITests */,
			);
		};
/* End PBXProject section */

/* Begin PBXResourcesBuildPhase section */
		C610ACA22175D99B00393425 /* Resources */ = {
			isa = PBXResourcesBuildPhase;
			buildActionMask = 2147483647;
			files = (
				C610ACB22175D99C00393425 /* LaunchScreen.storyboard in Resources */,
				C610ACAF2175D99C00393425 /* Assets.xcassets in Resources */,
				C610ACAD2175D99B00393425 /* Main.storyboard in Resources */,
			);
			runOnlyForDeploymentPostprocessing = 0;
		};
		C610ACB62175D99C00393425 /* Resources */ = {
			isa = PBXResourcesBuildPhase;
			buildActionMask = 2147483647;
			files = (
			);
			runOnlyForDeploymentPostprocessing = 0;
		};
		C610ACC12175D99C00393425 /* Resources */ = {
			isa = PBXResourcesBuildPhase;
			buildActionMask = 2147483647;
			files = (
			);
			runOnlyForDeploymentPostprocessing = 0;
		};
/* End PBXResourcesBuildPhase section */

/* Begin PBXSourcesBuildPhase section */
		C610ACA02175D99B00393425 /* Sources */ = {
			isa = PBXSourcesBuildPhase;
			buildActionMask = 2147483647;
			files = (
				C610ACAA2175D99B00393425 /* ViewController.swift in Sources */,
				C610ACA82175D99B00393425 /* AppDelegate.swift in Sources */,
			);
			runOnlyForDeploymentPostprocessing = 0;
		};
		C610ACB42175D99C00393425 /* Sources */ = {
			isa = PBXSourcesBuildPhase;
			buildActionMask = 2147483647;
			files = (
				C610ACBD2175D99C00393425 /* SkalaTests.swift in Sources */,
			);
			runOnlyForDeploymentPostprocessing = 0;
		};
		C610ACBF2175D99C00393425 /* Sources */ = {
			isa = PBXSourcesBuildPhase;
			buildActionMask = 2147483647;
			files = (
				C610ACC82175D99C00393425 /* SkalaUITests.swift in Sources */,
			);
			runOnlyForDeploymentPostprocessing = 0;
		};
/* End PBXSourcesBuildPhase section */

/* Begin PBXTargetDependency section */
		C610ACBA2175D99C00393425 /* PBXTargetDependency */ = {
			isa = PBXTargetDependency;
			target = C610ACA32175D99B00393425 /* Skala */;
			targetProxy = C610ACB92175D99C00393425 /* PBXContainerItemProxy */;
		};
		C610ACC52175D99C00393425 /* PBXTargetDependency */ = {
			isa = PBXTargetDependency;
			target = C610ACA32175D99B00393425 /* Skala */;
			targetProxy = C610ACC42175D99C00393425 /* PBXContainerItemProxy */;
		};
/* End PBXTargetDependency section */

/* Begin PBXVariantGroup section */
		C610ACAB2175D99B00393425 /* Main.storyboard */ = {
			isa = PBXVariantGroup;
			children = (
				C610ACAC2175D99B00393425 /* Base */,
			);
			name = Main.storyboard;
			sourceTree = "<group>";
		};
		C610ACB02175D99C00393425 /* LaunchScreen.storyboard */ = {
			isa = PBXVariantGroup;
			children = (
				C610ACB12175D99C00393425 /* Base */,
			);
			name = LaunchScreen.storyboard;
			sourceTree = "<group>";
		};
/* End PBXVariantGroup section */

/* Begin XCBuildConfiguration section */
		C610ACCA2175D99C00393425 /* Debug */ = {
			isa = XCBuildConfiguration;
			buildSettings = {
				ALWAYS_SEARCH_USER_PATHS = NO;
				CLANG_ANALYZER_NONNULL = YES;
				CLANG_ANALYZER_NUMBER_OBJECT_CONVERSION = YES_AGGRESSIVE;
				CLANG_CXX_LANGUAGE_STANDARD = "gnu++14";
				CLANG_CXX_LIBRARY = "libc++";
				CLANG_ENABLE_MODULES = YES;
				CLANG_ENABLE_OBJC_ARC = YES;
				CLANG_ENABLE_OBJC_WEAK = YES;
				CLANG_WARN_BLOCK_CAPTURE_AUTORELEASING = YES;
				CLANG_WARN_BOOL_CONVERSION = YES;
				CLANG_WARN_COMMA = YES;
				CLANG_WARN_CONSTANT_CONVERSION = YES;
				CLANG_WARN_DEPRECATED_OBJC_IMPLEMENTATIONS = YES;
				CLANG_WARN_DIRECT_OBJC_ISA_USAGE = YES_ERROR;
				CLANG_WARN_DOCUMENTATION_COMMENTS = YES;
				CLANG_WARN_EMPTY_BODY = YES;
				CLANG_WARN_ENUM_CONVERSION = YES;
				CLANG_WARN_INFINITE_RECURSION = YES;
				CLANG_WARN_INT_CONVERSION = YES;
				CLANG_WARN_NON_LITERAL_NULL_CONVERSION = YES;
				CLANG_WARN_OBJC_IMPLICIT_RETAIN_SELF = YES;
				CLANG_WARN_OBJC_LITERAL_CONVERSION = YES;
				CLANG_WARN_OBJC_ROOT_CLASS = YES_ERROR;
				CLANG_WARN_RANGE_LOOP_ANALYSIS = YES;
				CLANG_WARN_STRICT_PROTOTYPES = YES;
				CLANG_WARN_SUSPICIOUS_MOVE = YES;
				CLANG_WARN_UNGUARDED_AVAILABILITY = YES_AGGRESSIVE;
				CLANG_WARN_UNREACHABLE_CODE = YES;
				CLANG_WARN__DUPLICATE_METHOD_MATCH = YES;
				CODE_SIGN_IDENTITY = "iPhone Developer";
				COPY_PHASE_STRIP = NO;
				DEBUG_INFORMATION_FORMAT = dwarf;
				ENABLE_STRICT_OBJC_MSGSEND = YES;
				ENABLE_TESTABILITY = YES;
				GCC_C_LANGUAGE_STANDARD = gnu11;
				GCC_DYNAMIC_NO_PIC = NO;
				GCC_NO_COMMON_BLOCKS = YES;
				GCC_OPTIMIZATION_LEVEL = 0;
				GCC_PREPROCESSOR_DEFINITIONS = (
					"DEBUG=1",
					"$(inherited)",
				);
				GCC_WARN_64_TO_32_BIT_CONVERSION = YES;
				GCC_WARN_ABOUT_RETURN_TYPE = YES_ERROR;
				GCC_WARN_UNDECLARED_SELECTOR = YES;
				GCC_WARN_UNINITIALIZED_AUTOS = YES_AGGRESSIVE;
				GCC_WARN_UNUSED_FUNCTION = YES;
				GCC_WARN_UNUSED_VARIABLE = YES;
				IPHONEOS_DEPLOYMENT_TARGET = 12.0;
				MTL_ENABLE_DEBUG_INFO = INCLUDE_SOURCE;
				MTL_FAST_MATH = YES;
				ONLY_ACTIVE_ARCH = YES;
				SDKROOT = iphoneos;
				SWIFT_ACTIVE_COMPILATION_CONDITIONS = DEBUG;
				SWIFT_OPTIMIZATION_LEVEL = "-Onone";
			};
			name = Debug;
		};
		C610ACCB2175D99C00393425 /* Release */ = {
			isa = XCBuildConfiguration;
			buildSettings = {
				ALWAYS_SEARCH_USER_PATHS = NO;
				CLANG_ANALYZER_NONNULL = YES;
				CLANG_ANALYZER_NUMBER_OBJECT_CONVERSION = YES_AGGRESSIVE;
				CLANG_CXX_LANGUAGE_STANDARD = "gnu++14";
				CLANG_CXX_LIBRARY = "libc++";
				CLANG_ENABLE_MODULES = YES;
				CLANG_ENABLE_OBJC_ARC = YES;
				CLANG_ENABLE_OBJC_WEAK = YES;
				CLANG_WARN_BLOCK_CAPTURE_AUTORELEASING = YES;
				CLANG_WARN_BOOL_CONVERSION = YES;
				CLANG_WARN_COMMA = YES;
				CLANG_WARN_CONSTANT_CONVERSION = YES;
				CLANG_WARN_DEPRECATED_OBJC_IMPLEMENTATIONS = YES;
				CLANG_WARN_DIRECT_OBJC_ISA_USAGE = YES_ERROR;
				CLANG_WARN_DOCUMENTATION_COMMENTS = YES;
				CLANG_WARN_EMPTY_BODY = YES;
				CLANG_WARN_ENUM_CONVERSION = YES;
				CLANG_WARN_INFINITE_RECURSION = YES;
				CLANG_WARN_INT_CONVERSION = YES;
				CLANG_WARN_NON_LITERAL_NULL_CONVERSION = YES;
				CLANG_WARN_OBJC_IMPLICIT_RETAIN_SELF = YES;
				CLANG_WARN_OBJC_LITERAL_CONVERSION = YES;
				CLANG_WARN_OBJC_ROOT_CLASS = YES_ERROR;
				CLANG_WARN_RANGE_LOOP_ANALYSIS = YES;
				CLANG_WARN_STRICT_PROTOTYPES = YES;
				CLANG_WARN_SUSPICIOUS_MOVE = YES;
				CLANG_WARN_UNGUARDED_AVAILABILITY = YES_AGGRESSIVE;
				CLANG_WARN_UNREACHABLE_CODE = YES;
				CLANG_WARN__DUPLICATE_METHOD_MATCH = YES;
				CODE_SIGN_IDENTITY = "iPhone Developer";
				COPY_PHASE_STRIP = NO;
				DEBUG_INFORMATION_FORMAT = "dwarf-with-dsym";
				ENABLE_NS_ASSERTIONS = NO;
				ENABLE_STRICT_OBJC_MSGSEND = YES;
				GCC_C_LANGUAGE_STANDARD = gnu11;
				GCC_NO_COMMON_BLOCKS = YES;
				GCC_WARN_64_TO_32_BIT_CONVERSION = YES;
				GCC_WARN_ABOUT_RETURN_TYPE = YES_ERROR;
				GCC_WARN_UNDECLARED_SELECTOR = YES;
				GCC_WARN_UNINITIALIZED_AUTOS = YES_AGGRESSIVE;
				GCC_WARN_UNUSED_FUNCTION = YES;
				GCC_WARN_UNUSED_VARIABLE = YES;
				IPHONEOS_DEPLOYMENT_TARGET = 12.0;
				MTL_ENABLE_DEBUG_INFO = NO;
				MTL_FAST_MATH = YES;
				SDKROOT = iphoneos;
				SWIFT_COMPILATION_MODE = wholemodule;
				SWIFT_OPTIMIZATION_LEVEL = "-O";
				VALIDATE_PRODUCT = YES;
			};
			name = Release;
		};
		C610ACCD2175D99C00393425 /* Debug */ = {
			isa = XCBuildConfiguration;
			buildSettings = {
				ASSETCATALOG_COMPILER_APPICON_NAME = AppIcon;
				CODE_SIGN_STYLE = Automatic;
				DEVELOPMENT_TEAM = 29M2K7MYPU;
				INFOPLIST_FILE = Skala/Info.plist;
				LD_RUNPATH_SEARCH_PATHS = (
					"$(inherited)",
					"@executable_path/Frameworks",
				);
				PRODUCT_BUNDLE_IDENTIFIER = Mikavaa.Skala;
				PRODUCT_NAME = "$(TARGET_NAME)";
				SWIFT_VERSION = 4.2;
				TARGETED_DEVICE_FAMILY = "1,2";
			};
			name = Debug;
		};
		C610ACCE2175D99C00393425 /* Release */ = {
			isa = XCBuildConfiguration;
			buildSettings = {
				ASSETCATALOG_COMPILER_APPICON_NAME = AppIcon;
				CODE_SIGN_STYLE = Automatic;
				DEVELOPMENT_TEAM = 29M2K7MYPU;
				INFOPLIST_FILE = Skala/Info.plist;
				LD_RUNPATH_SEARCH_PATHS = (
					"$(inherited)",
					"@executable_path/Frameworks",
				);
				PRODUCT_BUNDLE_IDENTIFIER = Mikavaa.Skala;
				PRODUCT_NAME = "$(TARGET_NAME)";
				SWIFT_VERSION = 4.2;
				TARGETED_DEVICE_FAMILY = "1,2";
			};
			name = Release;
		};
		C610ACD02175D99C00393425 /* Debug */ = {
			isa = XCBuildConfiguration;
			buildSettings = {
				ALWAYS_EMBED_SWIFT_STANDARD_LIBRARIES = YES;
				BUNDLE_LOADER = "$(TEST_HOST)";
				CODE_SIGN_STYLE = Automatic;
				DEVELOPMENT_TEAM = 29M2K7MYPU;
				INFOPLIST_FILE = SkalaTests/Info.plist;
				LD_RUNPATH_SEARCH_PATHS = (
					"$(inherited)",
					"@executable_path/Frameworks",
					"@loader_path/Frameworks",
				);
				PRODUCT_BUNDLE_IDENTIFIER = Mikavaa.SkalaTests;
				PRODUCT_NAME = "$(TARGET_NAME)";
				SWIFT_VERSION = 4.2;
				TARGETED_DEVICE_FAMILY = "1,2";
				TEST_HOST = "$(BUILT_PRODUCTS_DIR)/Skala.app/Skala";
			};
			name = Debug;
		};
		C610ACD12175D99C00393425 /* Release */ = {
			isa = XCBuildConfiguration;
			buildSettings = {
				ALWAYS_EMBED_SWIFT_STANDARD_LIBRARIES = YES;
				BUNDLE_LOADER = "$(TEST_HOST)";
				CODE_SIGN_STYLE = Automatic;
				DEVELOPMENT_TEAM = 29M2K7MYPU;
				INFOPLIST_FILE = SkalaTests/Info.plist;
				LD_RUNPATH_SEARCH_PATHS = (
					"$(inherited)",
					"@executable_path/Frameworks",
					"@loader_path/Frameworks",
				);
				PRODUCT_BUNDLE_IDENTIFIER = Mikavaa.SkalaTests;
				PRODUCT_NAME = "$(TARGET_NAME)";
				SWIFT_VERSION = 4.2;
				TARGETED_DEVICE_FAMILY = "1,2";
				TEST_HOST = "$(BUILT_PRODUCTS_DIR)/Skala.app/Skala";
			};
			name = Release;
		};
		C610ACD32175D99C00393425 /* Debug */ = {
			isa = XCBuildConfiguration;
			buildSettings = {
				ALWAYS_EMBED_SWIFT_STANDARD_LIBRARIES = YES;
				CODE_SIGN_STYLE = Automatic;
				DEVELOPMENT_TEAM = 29M2K7MYPU;
				INFOPLIST_FILE = SkalaUITests/Info.plist;
				LD_RUNPATH_SEARCH_PATHS = (
					"$(inherited)",
					"@executable_path/Frameworks",
					"@loader_path/Frameworks",
				);
				PRODUCT_BUNDLE_IDENTIFIER = Mikavaa.SkalaUITests;
				PRODUCT_NAME = "$(TARGET_NAME)";
				SWIFT_VERSION = 4.2;
				TARGETED_DEVICE_FAMILY = "1,2";
				TEST_TARGET_NAME = Skala;
			};
			name = Debug;
		};
		C610ACD42175D99C00393425 /* Release */ = {
			isa = XCBuildConfiguration;
			buildSettings = {
				ALWAYS_EMBED_SWIFT_STANDARD_LIBRARIES = YES;
				CODE_SIGN_STYLE = Automatic;
				DEVELOPMENT_TEAM = 29M2K7MYPU;
				INFOPLIST_FILE = SkalaUITests/Info.plist;
				LD_RUNPATH_SEARCH_PATHS = (
					"$(inherited)",
					"@executable_path/Frameworks",
					"@loader_path/Frameworks",
				);
				PRODUCT_BUNDLE_IDENTIFIER = Mikavaa.SkalaUITests;
				PRODUCT_NAME = "$(TARGET_NAME)";
				SWIFT_VERSION = 4.2;
				TARGETED_DEVICE_FAMILY = "1,2";
				TEST_TARGET_NAME = Skala;
			};
			name = Release;
		};
/* End XCBuildConfiguration section */

/* Begin XCConfigurationList section */
		C610AC9F2175D99B00393425 /* Build configuration list for PBXProject "Skala" */ = {
			isa = XCConfigurationList;
			buildConfigurations = (
				C610ACCA2175D99C00393425 /* Debug */,
				C610ACCB2175D99C00393425 /* Release */,
			);
			defaultConfigurationIsVisible = 0;
			defaultConfigurationName = Release;
		};
		C610ACCC2175D99C00393425 /* Build configuration list for PBXNativeTarget "Skala" */ = {
			isa = XCConfigurationList;
			buildConfigurations = (
				C610ACCD2175D99C00393425 /* Debug */,
				C610ACCE2175D99C00393425 /* Release */,
			);
			defaultConfigurationIsVisible = 0;
			defaultConfigurationName = Release;
		};
		C610ACCF2175D99C00393425 /* Build configuration list for PBXNativeTarget "SkalaTests" */ = {
			isa = XCConfigurationList;
			buildConfigurations = (
				C610ACD02175D99C00393425 /* Debug */,
				C610ACD12175D99C00393425 /* Release */,
			);
			defaultConfigurationIsVisible = 0;
			defaultConfigurationName = Release;
		};
		C610ACD22175D99C00393425 /* Build configuration list for PBXNativeTarget "SkalaUITests" */ = {
			isa = XCConfigurationList;
			buildConfigurations = (
				C610ACD32175D99C00393425 /* Debug */,
				C610ACD42175D99C00393425 /* Release */,
			);
			defaultConfigurationIsVisible = 0;
			defaultConfigurationName = Release;
		};
/* End XCConfigurationList section */
	};
	rootObject = C610AC9C2175D99B00393425 /* Project object */;
}
